
Microsoft Visual Studio Solution File, Format Version 12.00
# Visual Studio Version 17
VisualStudioVersion = 17.1.32328.378
MinimumVisualStudioVersion = 10.0.40219.1
Project("{9A19103F-16F7-4668-BE54-9A1E7A4F7556}") = "PerfectTemplate.WebApi", "PerfectTemplate.WebApi\PerfectTemplate.WebApi.csproj", "{EEE8D5E9-5005-4958-AF78-40DE892B9665}"
EndProject
Project("{9A19103F-16F7-4668-BE54-9A1E7A4F7556}") = "PerfectTemplate.Infrastructure", "PerfectTemplate.Infrastructure\PerfectTemplate.Infrastructure.csproj", "{255F9C35-BBAB-4408-8F0B-AEB701801266}"
EndProject
Project("{9A19103F-16F7-4668-BE54-9A1E7A4F7556}") = "PerfectTemplate.Application", "PerfectTemplate.Application\PerfectTemplate.Application.csproj", "{D93AD8FF-606E-478B-82A3-BF42826901C1}"
EndProject
Project("{9A19103F-16F7-4668-BE54-9A1E7A4F7556}") = "PerfectTemplate.Domain", "PerfectTemplate.Domain\PerfectTemplate.Domain.csproj", "{38DDAE39-22B1-4A37-A3E0-4E7F88140620}"
EndProject
Project("{9A19103F-16F7-4668-BE54-9A1E7A4F7556}") = "HumanMouse", "HumanMouse\HumanMouse.csproj", "{526284BA-6599-46A5-B8E6-0FCA986B477C}"
EndProject
Project("{9A19103F-16F7-4668-BE54-9A1E7A4F7556}") = "PerfectTemplate.Host", "PerfectTemplate.Host\PerfectTemplate.Host.csproj", "{7C73AFF1-BAAB-40E8-A9CC-B2A9F59C4095}"
EndProject
Global
	GlobalSection(SolutionConfigurationPlatforms) = preSolution
		Debug|Any CPU = Debug|Any CPU
		Release|Any CPU = Release|Any CPU
	EndGlobalSection
	GlobalSection(ProjectConfigurationPlatforms) = postSolution
		{EEE8D5E9-5005-4958-AF78-40DE892B9665}.Debug|Any CPU.ActiveCfg = Debug|Any CPU
		{EEE8D5E9-5005-4958-AF78-40DE892B9665}.Debug|Any CPU.Build.0 = Debug|Any CPU
		{EEE8D5E9-5005-4958-AF78-40DE892B9665}.Release|Any CPU.ActiveCfg = Release|Any CPU
		{EEE8D5E9-5005-4958-AF78-40DE892B9665}.Release|Any CPU.Build.0 = Release|Any CPU
		{255F9C35-BBAB-4408-8F0B-AEB701801266}.Debug|Any CPU.ActiveCfg = Debug|Any CPU
		{255F9C35-BBAB-4408-8F0B-AEB701801266}.Debug|Any CPU.Build.0 = Debug|Any CPU
		{255F9C35-BBAB-4408-8F0B-AEB701801266}.Release|Any CPU.ActiveCfg = Release|Any CPU
		{255F9C35-BBAB-4408-8F0B-AEB701801266}.Release|Any CPU.Build.0 = Release|Any CPU
		{D93AD8FF-606E-478B-82A3-BF42826901C1}.Debug|Any CPU.ActiveCfg = Debug|Any CPU
		{D93AD8FF-606E-478B-82A3-BF42826901C1}.Debug|Any CPU.Build.0 = Debug|Any CPU
		{D93AD8FF-606E-478B-82A3-BF42826901C1}.Release|Any CPU.ActiveCfg = Release|Any CPU
		{D93AD8FF-606E-478B-82A3-BF42826901C1}.Release|Any CPU.Build.0 = Release|Any CPU
		{38DDAE39-22B1-4A37-A3E0-4E7F88140620}.Debug|Any CPU.ActiveCfg = Debug|Any CPU
		{38DDAE39-22B1-4A37-A3E0-4E7F88140620}.Debug|Any CPU.Build.0 = Debug|Any CPU
		{38DDAE39-22B1-4A37-A3E0-4E7F88140620}.Release|Any CPU.ActiveCfg = Release|Any CPU
		{38DDAE39-22B1-4A37-A3E0-4E7F88140620}.Release|Any CPU.Build.0 = Release|Any CPU
		{526284BA-6599-46A5-B8E6-0FCA986B477C}.Debug|Any CPU.ActiveCfg = Debug|Any CPU
		{526284BA-6599-46A5-B8E6-0FCA986B477C}.Debug|Any CPU.Build.0 = Debug|Any CPU
		{526284BA-6599-46A5-B8E6-0FCA986B477C}.Release|Any CPU.ActiveCfg = Release|Any CPU
		{526284BA-6599-46A5-B8E6-0FCA986B477C}.Release|Any CPU.Build.0 = Release|Any CPU
		{7C73AFF1-BAAB-40E8-A9CC-B2A9F59C4095}.Debug|Any CPU.ActiveCfg = Debug|Any CPU
		{7C73AFF1-BAAB-40E8-A9CC-B2A9F59C4095}.Debug|Any CPU.Build.0 = Debug|Any CPU
		{7C73AFF1-BAAB-40E8-A9CC-B2A9F59C4095}.Release|Any CPU.ActiveCfg = Release|Any CPU
		{7C73AFF1-BAAB-40E8-A9CC-B2A9F59C4095}.Release|Any CPU.Build.0 = Release|Any CPU
	EndGlobalSection
	GlobalSection(SolutionProperties) = preSolution
		HideSolutionNode = FALSE
	EndGlobalSection
	GlobalSection(ExtensibilityGlobals) = postSolution
		SolutionGuid = {6F1D5B56-1B68-4A4F-9DC7-34E7531C7DB0}
	EndGlobalSection
EndGlobal
